
Microsoft Visual Studio Solution File, Format Version 12.00
# Visual Studio Version 17
VisualStudioVersion = 17.9.34607.119
MinimumVisualStudioVersion = 10.0.40219.1
Project("{9A19103F-16F7-4668-BE54-9A1E7A4F7556}") = "EmailService", "EmailService\EmailService.csproj", "{5CCAF0AC-E88E-4F10-B9DB-624CD2517313}"
EndProject
Global
	GlobalSection(SolutionConfigurationPlatforms) = preSolution
		Debug|Any CPU = Debug|Any CPU
		Release|Any CPU = Release|Any CPU
	EndGlobalSection
	GlobalSection(ProjectConfigurationPlatforms) = postSolution
		{5CCAF0AC-E88E-4F10-B9DB-624CD2517313}.Debug|Any CPU.ActiveCfg = Debug|Any CPU
		{5CCAF0AC-E88E-4F10-B9DB-624CD2517313}.Debug|Any CPU.Build.0 = Debug|Any CPU
		{5CCAF0AC-E88E-4F10-B9DB-624CD2517313}.Release|Any CPU.ActiveCfg = Release|Any CPU
		{5CCAF0AC-E88E-4F10-B9DB-624CD2517313}.Release|Any CPU.Build.0 = Release|Any CPU
	EndGlobalSection
	GlobalSection(SolutionProperties) = preSolution
		HideSolutionNode = FALSE
	EndGlobalSection
	GlobalSection(ExtensibilityGlobals) = postSolution
		SolutionGuid = {F66DB449-C0B0-4439-A4E4-D529B8A79ADF}
	EndGlobalSection
EndGlobal
